{
  "name": "ajs_new",
  "version": "1.0.0",
  "lockfileVersion": 1,
  "requires": true,
  "dependencies": {
    "@suren73/ajs": {
      "version": "1.0.0",
      "resolved": "https://npm.pkg.github.com/download/@suren73/ajs/1.0.0/db8e078485af627501082b11a46aa6e2b818752f7d3612e94002d3b6cffccd5d",
      "integrity": "sha512-tyNbBCOEliY3/LTfCmKt/gz8mAQYXY/aC6YSnkLSqWIp0QgQ/rh1ZUza2MWoPnRXz5WaXMGiwd2cvG6M4GvhbQ=="
    }
  }
}
